// !$*UTF8*$!
{
	archiveVersion = 1;
	classes = {
	};
	objectVersion = 46;
	objects = {

/* Begin PBXBuildFile section */
		D593D47532DD048AC0F4EAE3 /* Pods_Chat_App.framework in Frameworks */ = {isa = PBXBuildFile; fileRef = C7EB62980B164243B6A80302 /* Pods_Chat_App.framework */; };
		D805D0C01EA88DB60003B9BC /* Alerter.swift in Sources */ = {isa = PBXBuildFile; fileRef = D805D0BF1EA88DB60003B9BC /* Alerter.swift */; };
		D805D0C21EA88E170003B9BC /* GoogleService-Info.plist in Resources */ = {isa = PBXBuildFile; fileRef = D805D0C11EA88E170003B9BC /* GoogleService-Info.plist */; };
		D805D0C61EA88F5B0003B9BC /* AuthenticationService.swift in Sources */ = {isa = PBXBuildFile; fileRef = D805D0C31EA88F5B0003B9BC /* AuthenticationService.swift */; };
		D805D0C71EA88F5B0003B9BC /* DatabaseService.swift in Sources */ = {isa = PBXBuildFile; fileRef = D805D0C41EA88F5B0003B9BC /* DatabaseService.swift */; };
		D805D0C81EA88F5B0003B9BC /* StorageService.swift in Sources */ = {isa = PBXBuildFile; fileRef = D805D0C51EA88F5B0003B9BC /* StorageService.swift */; };
		D805D0CB1EA8A7B70003B9BC /* HomeController.swift in Sources */ = {isa = PBXBuildFile; fileRef = D805D0CA1EA8A7B70003B9BC /* HomeController.swift */; };
		D81D60791E9D2C4F00151664 /* AppDelegate.swift in Sources */ = {isa = PBXBuildFile; fileRef = D81D60781E9D2C4F00151664 /* AppDelegate.swift */; };
		D81D607B1E9D2C4F00151664 /* LoginController.swift in Sources */ = {isa = PBXBuildFile; fileRef = D81D607A1E9D2C4F00151664 /* LoginController.swift */; };
		D81D60801E9D2C4F00151664 /* Assets.xcassets in Resources */ = {isa = PBXBuildFile; fileRef = D81D607F1E9D2C4F00151664 /* Assets.xcassets */; };
		D81D60831E9D2C4F00151664 /* LaunchScreen.storyboard in Resources */ = {isa = PBXBuildFile; fileRef = D81D60811E9D2C4F00151664 /* LaunchScreen.storyboard */; };
		D821916C1EC237F00057249F /* enums.swift in Sources */ = {isa = PBXBuildFile; fileRef = D821916B1EC237EF0057249F /* enums.swift */; };
		D826A7081EC3449500250536 /* SignUpView.swift in Sources */ = {isa = PBXBuildFile; fileRef = D826A7071EC3449500250536 /* SignUpView.swift */; };
		D87DE0651EB099850039A638 /* NewMessageController.swift in Sources */ = {isa = PBXBuildFile; fileRef = D87DE0641EB099850039A638 /* NewMessageController.swift */; };
		D87DE0671EB0BB590039A638 /* SearchBar.swift in Sources */ = {isa = PBXBuildFile; fileRef = D87DE0661EB0BB590039A638 /* SearchBar.swift */; };
		D87DE06B1EB0C61D0039A638 /* DatabaseService + fetchUsers.swift in Sources */ = {isa = PBXBuildFile; fileRef = D87DE06A1EB0C61D0039A638 /* DatabaseService + fetchUsers.swift */; };
		D87DE06D1EB0C9E20039A638 /* UserCell.swift in Sources */ = {isa = PBXBuildFile; fileRef = D87DE06C1EB0C9E20039A638 /* UserCell.swift */; };
		D89600A21EAFB5320091FF98 /* SearchCell.swift in Sources */ = {isa = PBXBuildFile; fileRef = D89600A11EAFB5320091FF98 /* SearchCell.swift */; };
		D8962AE61EBB4AC00079CFE0 /* ProfileView.swift in Sources */ = {isa = PBXBuildFile; fileRef = D8962AE51EBB4AC00079CFE0 /* ProfileView.swift */; };
		D8962AE91EBB60300079CFE0 /* LoginView.swift in Sources */ = {isa = PBXBuildFile; fileRef = D8962AE81EBB60300079CFE0 /* LoginView.swift */; };
		D8962AEB1EBB676A0079CFE0 /* EditController.swift in Sources */ = {isa = PBXBuildFile; fileRef = D8962AEA1EBB676A0079CFE0 /* EditController.swift */; };
		D8962AED1EBB8B4B0079CFE0 /* EditView.swift in Sources */ = {isa = PBXBuildFile; fileRef = D8962AEC1EBB8B4B0079CFE0 /* EditView.swift */; };
		D8A4A2871E9D3F1000F54B68 /* BaseCell.swift in Sources */ = {isa = PBXBuildFile; fileRef = D8A4A2861E9D3F1000F54B68 /* BaseCell.swift */; };
		D8A4A2891E9D3F2400F54B68 /* UIView + Anchors.swift in Sources */ = {isa = PBXBuildFile; fileRef = D8A4A2881E9D3F2400F54B68 /* UIView + Anchors.swift */; };
		D8A4A28B1E9D40DB00F54B68 /* UIColor + rgb.swift in Sources */ = {isa = PBXBuildFile; fileRef = D8A4A28A1E9D40DB00F54B68 /* UIColor + rgb.swift */; };
		D8A4A28E1E9D518100F54B68 /* SignUpController.swift in Sources */ = {isa = PBXBuildFile; fileRef = D8A4A28D1E9D518100F54B68 /* SignUpController.swift */; };
		D8AA30BD1EB13C8B00BF0587 /* ChatLogController.swift in Sources */ = {isa = PBXBuildFile; fileRef = D8AA30BC1EB13C8B00BF0587 /* ChatLogController.swift */; };
		D8AA30BF1EB13DA100BF0587 /* ChatMessageCell.swift in Sources */ = {isa = PBXBuildFile; fileRef = D8AA30BE1EB13DA100BF0587 /* ChatMessageCell.swift */; };
		D8AA30C11EB13EAD00BF0587 /* ChatInputContainerView.swift in Sources */ = {isa = PBXBuildFile; fileRef = D8AA30C01EB13EAD00BF0587 /* ChatInputContainerView.swift */; };
		D8AA30C31EB1414500BF0587 /* Message.swift in Sources */ = {isa = PBXBuildFile; fileRef = D8AA30C21EB1414500BF0587 /* Message.swift */; };
		D8AE6EB71EAA5BAE00820525 /* EmptyCell.swift in Sources */ = {isa = PBXBuildFile; fileRef = D8AE6EB61EAA5BAE00820525 /* EmptyCell.swift */; };
		D8AE6EB91EAA667200820525 /* UIFont + avenirNextFont.swift in Sources */ = {isa = PBXBuildFile; fileRef = D8AE6EB81EAA667200820525 /* UIFont + avenirNextFont.swift */; };
		D8AE6EBD1EAA771C00820525 /* MenuController.swift in Sources */ = {isa = PBXBuildFile; fileRef = D8AE6EBC1EAA771C00820525 /* MenuController.swift */; };
		D8AE6EC21EAA843C00820525 /* MenuItemCell.swift in Sources */ = {isa = PBXBuildFile; fileRef = D8AE6EC11EAA843C00820525 /* MenuItemCell.swift */; };
		D8AE6EC61EAA868B00820525 /* MenuItem.swift in Sources */ = {isa = PBXBuildFile; fileRef = D8AE6EC51EAA868B00820525 /* MenuItem.swift */; };
		D8AE6EC81EAAB5EB00820525 /* MenuHeader.swift in Sources */ = {isa = PBXBuildFile; fileRef = D8AE6EC71EAAB5EB00820525 /* MenuHeader.swift */; };
		D8AE6ECA1EAABA0400820525 /* User.swift in Sources */ = {isa = PBXBuildFile; fileRef = D8AE6EC91EAABA0400820525 /* User.swift */; };
		D8AE6ECC1EAAD04200820525 /* CustomImageView.swift in Sources */ = {isa = PBXBuildFile; fileRef = D8AE6ECB1EAAD04200820525 /* CustomImageView.swift */; };
		D8B4ED5E1EC111AF00537BA7 /* SettingsCell.swift in Sources */ = {isa = PBXBuildFile; fileRef = D8B4ED5D1EC111AF00537BA7 /* SettingsCell.swift */; };
		D8B4ED601EC115A500537BA7 /* SettingsItem.swift in Sources */ = {isa = PBXBuildFile; fileRef = D8B4ED5F1EC115A500537BA7 /* SettingsItem.swift */; };
		D8B604DB1EAEB899002CEB50 /* SearchController.swift in Sources */ = {isa = PBXBuildFile; fileRef = D8B604DA1EAEB899002CEB50 /* SearchController.swift */; };
		D8F1F26F1EC0ADDF00300310 /* HelpView.swift in Sources */ = {isa = PBXBuildFile; fileRef = D8F1F26E1EC0ADDF00300310 /* HelpView.swift */; };
		D8F6F4971EB4AA1200AF193D /* ProfileController.swift in Sources */ = {isa = PBXBuildFile; fileRef = D8F6F4961EB4AA1200AF193D /* ProfileController.swift */; };
		D8F6F4991EB4AA2600AF193D /* HelpController.swift in Sources */ = {isa = PBXBuildFile; fileRef = D8F6F4981EB4AA2600AF193D /* HelpController.swift */; };
		D8F6F49B1EB4AA4E00AF193D /* NotificationController.swift in Sources */ = {isa = PBXBuildFile; fileRef = D8F6F49A1EB4AA4E00AF193D /* NotificationController.swift */; };
		D8F6F49D1EB4AA5900AF193D /* SettingsController.swift in Sources */ = {isa = PBXBuildFile; fileRef = D8F6F49C1EB4AA5900AF193D /* SettingsController.swift */; };
/* End PBXBuildFile section */

/* Begin PBXFileReference section */
		7CD85436B6228B67655B8903 /* Pods-Chat App.debug.xcconfig */ = {isa = PBXFileReference; includeInIndex = 1; lastKnownFileType = text.xcconfig; name = "Pods-Chat App.debug.xcconfig"; path = "Pods/Target Support Files/Pods-Chat App/Pods-Chat App.debug.xcconfig"; sourceTree = "<group>"; };
		814868DAE00DCC2EFCE84CF6 /* Pods-Chat App.release.xcconfig */ = {isa = PBXFileReference; includeInIndex = 1; lastKnownFileType = text.xcconfig; name = "Pods-Chat App.release.xcconfig"; path = "Pods/Target Support Files/Pods-Chat App/Pods-Chat App.release.xcconfig"; sourceTree = "<group>"; };
		C7EB62980B164243B6A80302 /* Pods_Chat_App.framework */ = {isa = PBXFileReference; explicitFileType = wrapper.framework; includeInIndex = 0; path = Pods_Chat_App.framework; sourceTree = BUILT_PRODUCTS_DIR; };
		D805D0BF1EA88DB60003B9BC /* Alerter.swift */ = {isa = PBXFileReference; fileEncoding = 4; lastKnownFileType = sourcecode.swift; path = Alerter.swift; sourceTree = "<group>"; };
		D805D0C11EA88E170003B9BC /* GoogleService-Info.plist */ = {isa = PBXFileReference; fileEncoding = 4; lastKnownFileType = text.plist.xml; name = "GoogleService-Info.plist"; path = "Chat App/GoogleService-Info.plist"; sourceTree = "<group>"; };
		D805D0C31EA88F5B0003B9BC /* AuthenticationService.swift */ = {isa = PBXFileReference; fileEncoding = 4; lastKnownFileType = sourcecode.swift; path = AuthenticationService.swift; sourceTree = "<group>"; };
		D805D0C41EA88F5B0003B9BC /* DatabaseService.swift */ = {isa = PBXFileReference; fileEncoding = 4; lastKnownFileType = sourcecode.swift; path = DatabaseService.swift; sourceTree = "<group>"; };
		D805D0C51EA88F5B0003B9BC /* StorageService.swift */ = {isa = PBXFileReference; fileEncoding = 4; lastKnownFileType = sourcecode.swift; path = StorageService.swift; sourceTree = "<group>"; };
		D805D0CA1EA8A7B70003B9BC /* HomeController.swift */ = {isa = PBXFileReference; fileEncoding = 4; lastKnownFileType = sourcecode.swift; path = HomeController.swift; sourceTree = "<group>"; };
		D81D60751E9D2C4F00151664 /* Chat App.app */ = {isa = PBXFileReference; explicitFileType = wrapper.application; includeInIndex = 0; path = "Chat App.app"; sourceTree = BUILT_PRODUCTS_DIR; };
		D81D60781E9D2C4F00151664 /* AppDelegate.swift */ = {isa = PBXFileReference; lastKnownFileType = sourcecode.swift; name = AppDelegate.swift; path = "Chat App/AppDelegate.swift"; sourceTree = "<group>"; };
		D81D607A1E9D2C4F00151664 /* LoginController.swift */ = {isa = PBXFileReference; lastKnownFileType = sourcecode.swift; path = LoginController.swift; sourceTree = "<group>"; };
		D81D607F1E9D2C4F00151664 /* Assets.xcassets */ = {isa = PBXFileReference; lastKnownFileType = folder.assetcatalog; name = Assets.xcassets; path = "Chat App/Assets.xcassets"; sourceTree = "<group>"; };
		D81D60821E9D2C4F00151664 /* Base */ = {isa = PBXFileReference; lastKnownFileType = file.storyboard; name = Base; path = Base.lproj/LaunchScreen.storyboard; sourceTree = "<group>"; };
		D81D60841E9D2C4F00151664 /* Info.plist */ = {isa = PBXFileReference; lastKnownFileType = text.plist.xml; name = Info.plist; path = "Chat App/Info.plist"; sourceTree = "<group>"; };
		D821916B1EC237EF0057249F /* enums.swift */ = {isa = PBXFileReference; fileEncoding = 4; lastKnownFileType = sourcecode.swift; path = enums.swift; sourceTree = "<group>"; };
		D826A7071EC3449500250536 /* SignUpView.swift */ = {isa = PBXFileReference; fileEncoding = 4; lastKnownFileType = sourcecode.swift; path = SignUpView.swift; sourceTree = "<group>"; };
		D87DE0641EB099850039A638 /* NewMessageController.swift */ = {isa = PBXFileReference; fileEncoding = 4; lastKnownFileType = sourcecode.swift; path = NewMessageController.swift; sourceTree = "<group>"; };
		D87DE0661EB0BB590039A638 /* SearchBar.swift */ = {isa = PBXFileReference; fileEncoding = 4; lastKnownFileType = sourcecode.swift; path = SearchBar.swift; sourceTree = "<group>"; };
		D87DE06A1EB0C61D0039A638 /* DatabaseService + fetchUsers.swift */ = {isa = PBXFileReference; fileEncoding = 4; lastKnownFileType = sourcecode.swift; path = "DatabaseService + fetchUsers.swift"; sourceTree = "<group>"; };
		D87DE06C1EB0C9E20039A638 /* UserCell.swift */ = {isa = PBXFileReference; fileEncoding = 4; lastKnownFileType = sourcecode.swift; path = UserCell.swift; sourceTree = "<group>"; };
		D88008171EC35705006303B3 /* Chat App.entitlements */ = {isa = PBXFileReference; lastKnownFileType = text.plist.entitlements; path = "Chat App.entitlements"; sourceTree = "<group>"; };
		D88008181EC35CD5006303B3 /* UserNotifications.framework */ = {isa = PBXFileReference; lastKnownFileType = wrapper.framework; name = UserNotifications.framework; path = System/Library/Frameworks/UserNotifications.framework; sourceTree = SDKROOT; };
		D89600A11EAFB5320091FF98 /* SearchCell.swift */ = {isa = PBXFileReference; fileEncoding = 4; lastKnownFileType = sourcecode.swift; path = SearchCell.swift; sourceTree = "<group>"; };
		D8962AE51EBB4AC00079CFE0 /* ProfileView.swift */ = {isa = PBXFileReference; fileEncoding = 4; lastKnownFileType = sourcecode.swift; path = ProfileView.swift; sourceTree = "<group>"; };
		D8962AE81EBB60300079CFE0 /* LoginView.swift */ = {isa = PBXFileReference; fileEncoding = 4; lastKnownFileType = sourcecode.swift; path = LoginView.swift; sourceTree = "<group>"; };
		D8962AEA1EBB676A0079CFE0 /* EditController.swift */ = {isa = PBXFileReference; fileEncoding = 4; lastKnownFileType = sourcecode.swift; path = EditController.swift; sourceTree = "<group>"; };
		D8962AEC1EBB8B4B0079CFE0 /* EditView.swift */ = {isa = PBXFileReference; fileEncoding = 4; lastKnownFileType = sourcecode.swift; path = EditView.swift; sourceTree = "<group>"; };
		D8A4A2861E9D3F1000F54B68 /* BaseCell.swift */ = {isa = PBXFileReference; fileEncoding = 4; lastKnownFileType = sourcecode.swift; path = BaseCell.swift; sourceTree = "<group>"; };
		D8A4A2881E9D3F2400F54B68 /* UIView + Anchors.swift */ = {isa = PBXFileReference; fileEncoding = 4; lastKnownFileType = sourcecode.swift; path = "UIView + Anchors.swift"; sourceTree = "<group>"; };
		D8A4A28A1E9D40DB00F54B68 /* UIColor + rgb.swift */ = {isa = PBXFileReference; fileEncoding = 4; lastKnownFileType = sourcecode.swift; path = "UIColor + rgb.swift"; sourceTree = "<group>"; };
		D8A4A28D1E9D518100F54B68 /* SignUpController.swift */ = {isa = PBXFileReference; fileEncoding = 4; lastKnownFileType = sourcecode.swift; path = SignUpController.swift; sourceTree = "<group>"; };
		D8AA30BC1EB13C8B00BF0587 /* ChatLogController.swift */ = {isa = PBXFileReference; fileEncoding = 4; lastKnownFileType = sourcecode.swift; path = ChatLogController.swift; sourceTree = "<group>"; };
		D8AA30BE1EB13DA100BF0587 /* ChatMessageCell.swift */ = {isa = PBXFileReference; fileEncoding = 4; lastKnownFileType = sourcecode.swift; path = ChatMessageCell.swift; sourceTree = "<group>"; };
		D8AA30C01EB13EAD00BF0587 /* ChatInputContainerView.swift */ = {isa = PBXFileReference; fileEncoding = 4; lastKnownFileType = sourcecode.swift; path = ChatInputContainerView.swift; sourceTree = "<group>"; };
		D8AA30C21EB1414500BF0587 /* Message.swift */ = {isa = PBXFileReference; fileEncoding = 4; lastKnownFileType = sourcecode.swift; path = Message.swift; sourceTree = "<group>"; };
		D8AE6EB61EAA5BAE00820525 /* EmptyCell.swift */ = {isa = PBXFileReference; fileEncoding = 4; lastKnownFileType = sourcecode.swift; path = EmptyCell.swift; sourceTree = "<group>"; };
		D8AE6EB81EAA667200820525 /* UIFont + avenirNextFont.swift */ = {isa = PBXFileReference; fileEncoding = 4; lastKnownFileType = sourcecode.swift; path = "UIFont + avenirNextFont.swift"; sourceTree = "<group>"; };
		D8AE6EBC1EAA771C00820525 /* MenuController.swift */ = {isa = PBXFileReference; fileEncoding = 4; lastKnownFileType = sourcecode.swift; path = MenuController.swift; sourceTree = "<group>"; };
		D8AE6EC11EAA843C00820525 /* MenuItemCell.swift */ = {isa = PBXFileReference; fileEncoding = 4; lastKnownFileType = sourcecode.swift; path = MenuItemCell.swift; sourceTree = "<group>"; };
		D8AE6EC51EAA868B00820525 /* MenuItem.swift */ = {isa = PBXFileReference; fileEncoding = 4; lastKnownFileType = sourcecode.swift; path = MenuItem.swift; sourceTree = "<group>"; };
		D8AE6EC71EAAB5EB00820525 /* MenuHeader.swift */ = {isa = PBXFileReference; fileEncoding = 4; lastKnownFileType = sourcecode.swift; path = MenuHeader.swift; sourceTree = "<group>"; };
		D8AE6EC91EAABA0400820525 /* User.swift */ = {isa = PBXFileReference; fileEncoding = 4; lastKnownFileType = sourcecode.swift; path = User.swift; sourceTree = "<group>"; };
		D8AE6ECB1EAAD04200820525 /* CustomImageView.swift */ = {isa = PBXFileReference; fileEncoding = 4; lastKnownFileType = sourcecode.swift; path = CustomImageView.swift; sourceTree = "<group>"; };
		D8B4ED5D1EC111AF00537BA7 /* SettingsCell.swift */ = {isa = PBXFileReference; fileEncoding = 4; lastKnownFileType = sourcecode.swift; path = SettingsCell.swift; sourceTree = "<group>"; };
		D8B4ED5F1EC115A500537BA7 /* SettingsItem.swift */ = {isa = PBXFileReference; fileEncoding = 4; lastKnownFileType = sourcecode.swift; path = SettingsItem.swift; sourceTree = "<group>"; };
		D8B604DA1EAEB899002CEB50 /* SearchController.swift */ = {isa = PBXFileReference; fileEncoding = 4; lastKnownFileType = sourcecode.swift; path = SearchController.swift; sourceTree = "<group>"; };
		D8F1F26E1EC0ADDF00300310 /* HelpView.swift */ = {isa = PBXFileReference; fileEncoding = 4; lastKnownFileType = sourcecode.swift; path = HelpView.swift; sourceTree = "<group>"; };
		D8F6F4961EB4AA1200AF193D /* ProfileController.swift */ = {isa = PBXFileReference; fileEncoding = 4; lastKnownFileType = sourcecode.swift; path = ProfileController.swift; sourceTree = "<group>"; };
		D8F6F4981EB4AA2600AF193D /* HelpController.swift */ = {isa = PBXFileReference; fileEncoding = 4; lastKnownFileType = sourcecode.swift; path = HelpController.swift; sourceTree = "<group>"; };
		D8F6F49A1EB4AA4E00AF193D /* NotificationController.swift */ = {isa = PBXFileReference; fileEncoding = 4; lastKnownFileType = sourcecode.swift; path = NotificationController.swift; sourceTree = "<group>"; };
		D8F6F49C1EB4AA5900AF193D /* SettingsController.swift */ = {isa = PBXFileReference; fileEncoding = 4; lastKnownFileType = sourcecode.swift; path = SettingsController.swift; sourceTree = "<group>"; };
/* End PBXFileReference section */

/* Begin PBXFrameworksBuildPhase section */
		D81D60721E9D2C4F00151664 /* Frameworks */ = {
			isa = PBXFrameworksBuildPhase;
			buildActionMask = 2147483647;
			files = (
				D593D47532DD048AC0F4EAE3 /* Pods_Chat_App.framework in Frameworks */,
			);
			runOnlyForDeploymentPostprocessing = 0;
		};
/* End PBXFrameworksBuildPhase section */

/* Begin PBXGroup section */
		392E1384D85A58D198C76523 /* Frameworks */ = {
			isa = PBXGroup;
			children = (
				D88008181EC35CD5006303B3 /* UserNotifications.framework */,
				C7EB62980B164243B6A80302 /* Pods_Chat_App.framework */,
			);
			name = Frameworks;
			sourceTree = "<group>";
		};
		93C781C6C29B33B0283738FC /* Pods */ = {
			isa = PBXGroup;
			children = (
				7CD85436B6228B67655B8903 /* Pods-Chat App.debug.xcconfig */,
				814868DAE00DCC2EFCE84CF6 /* Pods-Chat App.release.xcconfig */,
			);
			name = Pods;
			sourceTree = "<group>";
		};
		D805D0C91EA8A7900003B9BC /* Home */ = {
			isa = PBXGroup;
			children = (
				D805D0CA1EA8A7B70003B9BC /* HomeController.swift */,
				D8AE6EB61EAA5BAE00820525 /* EmptyCell.swift */,
			);
			name = Home;
			sourceTree = "<group>";
		};
		D81D606C1E9D2C4E00151664 = {
			isa = PBXGroup;
			children = (
				D81D60771E9D2C4F00151664 /* Chat App */,
				D81D60811E9D2C4F00151664 /* LaunchScreen.storyboard */,
				D805D0C11EA88E170003B9BC /* GoogleService-Info.plist */,
				D81D60841E9D2C4F00151664 /* Info.plist */,
				D81D60781E9D2C4F00151664 /* AppDelegate.swift */,
				D81D607F1E9D2C4F00151664 /* Assets.xcassets */,
				D81D60761E9D2C4F00151664 /* Products */,
				93C781C6C29B33B0283738FC /* Pods */,
				392E1384D85A58D198C76523 /* Frameworks */,
			);
			sourceTree = "<group>";
		};
		D81D60761E9D2C4F00151664 /* Products */ = {
			isa = PBXGroup;
			children = (
				D81D60751E9D2C4F00151664 /* Chat App.app */,
			);
			name = Products;
			sourceTree = "<group>";
		};
		D81D60771E9D2C4F00151664 /* Chat App */ = {
			isa = PBXGroup;
			children = (
				D88008171EC35705006303B3 /* Chat App.entitlements */,
				D8AE6EC41EAA867900820525 /* Model */,
				D8AE6EBE1EAA804C00820525 /* Protocols */,
				D8A4A2851E9D3F0800F54B68 /* Util */,
				D8AA30BB1EB13C6700BF0587 /* Chat Log */,
				D805D0C91EA8A7900003B9BC /* Home */,
				D8A4A28C1E9D516400F54B68 /* Login/Signup */,
				D8AE6EC31EAA844A00820525 /* Menu */,
				D87DE0631EB0995E0039A638 /* New Message */,
				D8B604D91EAEB83F002CEB50 /* Search */,
			);
			path = "Chat App";
			sourceTree = "<group>";
		};
		D87DE0631EB0995E0039A638 /* New Message */ = {
			isa = PBXGroup;
			children = (
				D87DE0641EB099850039A638 /* NewMessageController.swift */,
				D87DE06C1EB0C9E20039A638 /* UserCell.swift */,
			);
			name = "New Message";
			sourceTree = "<group>";
		};
		D8962AE71EBB5EB90079CFE0 /* Edit */ = {
			isa = PBXGroup;
			children = (
				D8962AEA1EBB676A0079CFE0 /* EditController.swift */,
				D8962AEC1EBB8B4B0079CFE0 /* EditView.swift */,
			);
			name = Edit;
			sourceTree = "<group>";
		};
		D8A4A2851E9D3F0800F54B68 /* Util */ = {
			isa = PBXGroup;
			children = (
				D805D0C31EA88F5B0003B9BC /* AuthenticationService.swift */,
				D8AE6ECB1EAAD04200820525 /* CustomImageView.swift */,
				D805D0C41EA88F5B0003B9BC /* DatabaseService.swift */,
				D805D0C51EA88F5B0003B9BC /* StorageService.swift */,
				D805D0BF1EA88DB60003B9BC /* Alerter.swift */,
				D8A4A2881E9D3F2400F54B68 /* UIView + Anchors.swift */,
				D8A4A28A1E9D40DB00F54B68 /* UIColor + rgb.swift */,
				D8AE6EB81EAA667200820525 /* UIFont + avenirNextFont.swift */,
				D8A4A2861E9D3F1000F54B68 /* BaseCell.swift */,
				D821916B1EC237EF0057249F /* enums.swift */,
			);
			name = Util;
			sourceTree = "<group>";
		};
		D8A4A28C1E9D516400F54B68 /* Login/Signup */ = {
			isa = PBXGroup;
			children = (
				D81D607A1E9D2C4F00151664 /* LoginController.swift */,
				D8962AE81EBB60300079CFE0 /* LoginView.swift */,
				D8A4A28D1E9D518100F54B68 /* SignUpController.swift */,
				D826A7071EC3449500250536 /* SignUpView.swift */,
			);
			name = Login/Signup;
			sourceTree = "<group>";
		};
		D8AA30BB1EB13C6700BF0587 /* Chat Log */ = {
			isa = PBXGroup;
			children = (
				D8AA30BC1EB13C8B00BF0587 /* ChatLogController.swift */,
				D8AA30BE1EB13DA100BF0587 /* ChatMessageCell.swift */,
				D8AA30C01EB13EAD00BF0587 /* ChatInputContainerView.swift */,
			);
			name = "Chat Log";
			sourceTree = "<group>";
		};
		D8AE6EBE1EAA804C00820525 /* Protocols */ = {
			isa = PBXGroup;
			children = (
				D87DE06A1EB0C61D0039A638 /* DatabaseService + fetchUsers.swift */,
			);
			name = Protocols;
			sourceTree = "<group>";
		};
		D8AE6EC31EAA844A00820525 /* Menu */ = {
			isa = PBXGroup;
			children = (
				D8F6F4921EB4A98700AF193D /* Profile */,
				D8F6F4941EB4A99C00AF193D /* Help */,
				D8F6F4931EB4A99300AF193D /* Notification */,
				D8F6F4951EB4A9A400AF193D /* Settings */,
				D8AE6EBC1EAA771C00820525 /* MenuController.swift */,
				D8AE6EC11EAA843C00820525 /* MenuItemCell.swift */,
				D8AE6EC71EAAB5EB00820525 /* MenuHeader.swift */,
			);
			name = Menu;
			sourceTree = "<group>";
		};
		D8AE6EC41EAA867900820525 /* Model */ = {
			isa = PBXGroup;
			children = (
				D8AE6EC51EAA868B00820525 /* MenuItem.swift */,
				D8AE6EC91EAABA0400820525 /* User.swift */,
				D8AA30C21EB1414500BF0587 /* Message.swift */,
				D8B4ED5F1EC115A500537BA7 /* SettingsItem.swift */,
			);
			name = Model;
			sourceTree = "<group>";
		};
		D8B604D91EAEB83F002CEB50 /* Search */ = {
			isa = PBXGroup;
			children = (
				D87DE0661EB0BB590039A638 /* SearchBar.swift */,
				D8B604DA1EAEB899002CEB50 /* SearchController.swift */,
				D89600A11EAFB5320091FF98 /* SearchCell.swift */,
			);
			name = Search;
			sourceTree = "<group>";
		};
		D8F6F4921EB4A98700AF193D /* Profile */ = {
			isa = PBXGroup;
			children = (
				D8962AE71EBB5EB90079CFE0 /* Edit */,
				D8F6F4961EB4AA1200AF193D /* ProfileController.swift */,
				D8962AE51EBB4AC00079CFE0 /* ProfileView.swift */,
			);
			name = Profile;
			sourceTree = "<group>";
		};
		D8F6F4931EB4A99300AF193D /* Notification */ = {
			isa = PBXGroup;
			children = (
				D8F6F49A1EB4AA4E00AF193D /* NotificationController.swift */,
			);
			name = Notification;
			sourceTree = "<group>";
		};
		D8F6F4941EB4A99C00AF193D /* Help */ = {
			isa = PBXGroup;
			children = (
				D8F6F4981EB4AA2600AF193D /* HelpController.swift */,
				D8F1F26E1EC0ADDF00300310 /* HelpView.swift */,
			);
			name = Help;
			sourceTree = "<group>";
		};
		D8F6F4951EB4A9A400AF193D /* Settings */ = {
			isa = PBXGroup;
			children = (
				D8F6F49C1EB4AA5900AF193D /* SettingsController.swift */,
				D8B4ED5D1EC111AF00537BA7 /* SettingsCell.swift */,
			);
			name = Settings;
			sourceTree = "<group>";
		};
/* End PBXGroup section */

/* Begin PBXNativeTarget section */
		D81D60741E9D2C4F00151664 /* Chat App */ = {
			isa = PBXNativeTarget;
			buildConfigurationList = D81D60871E9D2C4F00151664 /* Build configuration list for PBXNativeTarget "Chat App" */;
			buildPhases = (
				D691A739F3B4DDDE9C02A84F /* [CP] Check Pods Manifest.lock */,
				D81D60711E9D2C4F00151664 /* Sources */,
				D81D60721E9D2C4F00151664 /* Frameworks */,
				D81D60731E9D2C4F00151664 /* Resources */,
				DDDA94B1D89E60B7376ACE6A /* [CP] Embed Pods Frameworks */,
				60C668483097FAA867676940 /* [CP] Copy Pods Resources */,
			);
			buildRules = (
			);
			dependencies = (
			);
			name = "Chat App";
			productName = "Chat App";
			productReference = D81D60751E9D2C4F00151664 /* Chat App.app */;
			productType = "com.apple.product-type.application";
		};
/* End PBXNativeTarget section */

/* Begin PBXProject section */
		D81D606D1E9D2C4E00151664 /* Project object */ = {
			isa = PBXProject;
			attributes = {
				LastSwiftUpdateCheck = 0830;
				LastUpgradeCheck = 0830;
				ORGANIZATIONNAME = "Joseph Kim";
				TargetAttributes = {
					D81D60741E9D2C4F00151664 = {
						CreatedOnToolsVersion = 8.3.1;
						DevelopmentTeam = C23R6NMUVD;
						ProvisioningStyle = Automatic;
						SystemCapabilities = {
							com.apple.Push = {
								enabled = 1;
							};
						};
					};
				};
			};
			buildConfigurationList = D81D60701E9D2C4E00151664 /* Build configuration list for PBXProject "Chat App" */;
			compatibilityVersion = "Xcode 3.2";
			developmentRegion = English;
			hasScannedForEncodings = 0;
			knownRegions = (
				en,
				Base,
			);
			mainGroup = D81D606C1E9D2C4E00151664;
			productRefGroup = D81D60761E9D2C4F00151664 /* Products */;
			projectDirPath = "";
			projectRoot = "";
			targets = (
				D81D60741E9D2C4F00151664 /* Chat App */,
			);
		};
/* End PBXProject section */

/* Begin PBXResourcesBuildPhase section */
		D81D60731E9D2C4F00151664 /* Resources */ = {
			isa = PBXResourcesBuildPhase;
			buildActionMask = 2147483647;
			files = (
				D81D60831E9D2C4F00151664 /* LaunchScreen.storyboard in Resources */,
				D81D60801E9D2C4F00151664 /* Assets.xcassets in Resources */,
				D805D0C21EA88E170003B9BC /* GoogleService-Info.plist in Resources */,
			);
			runOnlyForDeploymentPostprocessing = 0;
		};
/* End PBXResourcesBuildPhase section */

/* Begin PBXShellScriptBuildPhase section */
		60C668483097FAA867676940 /* [CP] Copy Pods Resources */ = {
			isa = PBXShellScriptBuildPhase;
			buildActionMask = 2147483647;
			files = (
			);
			inputPaths = (
			);
			name = "[CP] Copy Pods Resources";
			outputPaths = (
			);
			runOnlyForDeploymentPostprocessing = 0;
			shellPath = /bin/sh;
			shellScript = "\"${SRCROOT}/Pods/Target Support Files/Pods-Chat App/Pods-Chat App-resources.sh\"\n";
			showEnvVarsInLog = 0;
		};
		D691A739F3B4DDDE9C02A84F /* [CP] Check Pods Manifest.lock */ = {
			isa = PBXShellScriptBuildPhase;
			buildActionMask = 2147483647;
			files = (
			);
			inputPaths = (
			);
			name = "[CP] Check Pods Manifest.lock";
			outputPaths = (
			);
			runOnlyForDeploymentPostprocessing = 0;
			shellPath = /bin/sh;
			shellScript = "diff \"${PODS_ROOT}/../Podfile.lock\" \"${PODS_ROOT}/Manifest.lock\" > /dev/null\nif [ $? != 0 ] ; then\n    # print error to STDERR\n    echo \"error: The sandbox is not in sync with the Podfile.lock. Run 'pod install' or update your CocoaPods installation.\" >&2\n    exit 1\nfi\n";
			showEnvVarsInLog = 0;
		};
		DDDA94B1D89E60B7376ACE6A /* [CP] Embed Pods Frameworks */ = {
			isa = PBXShellScriptBuildPhase;
			buildActionMask = 2147483647;
			files = (
			);
			inputPaths = (
			);
			name = "[CP] Embed Pods Frameworks";
			outputPaths = (
			);
			runOnlyForDeploymentPostprocessing = 0;
			shellPath = /bin/sh;
			shellScript = "\"${SRCROOT}/Pods/Target Support Files/Pods-Chat App/Pods-Chat App-frameworks.sh\"\n";
			showEnvVarsInLog = 0;
		};
/* End PBXShellScriptBuildPhase section */

/* Begin PBXSourcesBuildPhase section */
		D81D60711E9D2C4F00151664 /* Sources */ = {
			isa = PBXSourcesBuildPhase;
			buildActionMask = 2147483647;
			files = (
				D8B4ED5E1EC111AF00537BA7 /* SettingsCell.swift in Sources */,
				D8AE6EC21EAA843C00820525 /* MenuItemCell.swift in Sources */,
				D805D0C71EA88F5B0003B9BC /* DatabaseService.swift in Sources */,
				D8F6F4971EB4AA1200AF193D /* ProfileController.swift in Sources */,
				D81D607B1E9D2C4F00151664 /* LoginController.swift in Sources */,
				D8AA30C31EB1414500BF0587 /* Message.swift in Sources */,
				D8F1F26F1EC0ADDF00300310 /* HelpView.swift in Sources */,
				D8F6F4991EB4AA2600AF193D /* HelpController.swift in Sources */,
				D805D0CB1EA8A7B70003B9BC /* HomeController.swift in Sources */,
				D8962AEB1EBB676A0079CFE0 /* EditController.swift in Sources */,
				D826A7081EC3449500250536 /* SignUpView.swift in Sources */,
				D8A4A28B1E9D40DB00F54B68 /* UIColor + rgb.swift in Sources */,
				D8F6F49B1EB4AA4E00AF193D /* NotificationController.swift in Sources */,
				D821916C1EC237F00057249F /* enums.swift in Sources */,
				D8A4A2871E9D3F1000F54B68 /* BaseCell.swift in Sources */,
				D8B4ED601EC115A500537BA7 /* SettingsItem.swift in Sources */,
				D8AE6EB71EAA5BAE00820525 /* EmptyCell.swift in Sources */,
				D8AE6ECA1EAABA0400820525 /* User.swift in Sources */,
				D81D60791E9D2C4F00151664 /* AppDelegate.swift in Sources */,
				D89600A21EAFB5320091FF98 /* SearchCell.swift in Sources */,
				D87DE0651EB099850039A638 /* NewMessageController.swift in Sources */,
				D8F6F49D1EB4AA5900AF193D /* SettingsController.swift in Sources */,
				D8AE6ECC1EAAD04200820525 /* CustomImageView.swift in Sources */,
				D8AA30BD1EB13C8B00BF0587 /* ChatLogController.swift in Sources */,
				D8962AED1EBB8B4B0079CFE0 /* EditView.swift in Sources */,
				D87DE0671EB0BB590039A638 /* SearchBar.swift in Sources */,
				D805D0C81EA88F5B0003B9BC /* StorageService.swift in Sources */,
				D805D0C01EA88DB60003B9BC /* Alerter.swift in Sources */,
				D87DE06D1EB0C9E20039A638 /* UserCell.swift in Sources */,
				D8AE6EBD1EAA771C00820525 /* MenuController.swift in Sources */,
				D8A4A2891E9D3F2400F54B68 /* UIView + Anchors.swift in Sources */,
				D8AA30BF1EB13DA100BF0587 /* ChatMessageCell.swift in Sources */,
				D8A4A28E1E9D518100F54B68 /* SignUpController.swift in Sources */,
				D8AE6EC61EAA868B00820525 /* MenuItem.swift in Sources */,
				D8962AE61EBB4AC00079CFE0 /* ProfileView.swift in Sources */,
				D87DE06B1EB0C61D0039A638 /* DatabaseService + fetchUsers.swift in Sources */,
				D8AE6EC81EAAB5EB00820525 /* MenuHeader.swift in Sources */,
				D8B604DB1EAEB899002CEB50 /* SearchController.swift in Sources */,
				D805D0C61EA88F5B0003B9BC /* AuthenticationService.swift in Sources */,
				D8AE6EB91EAA667200820525 /* UIFont + avenirNextFont.swift in Sources */,
				D8AA30C11EB13EAD00BF0587 /* ChatInputContainerView.swift in Sources */,
				D8962AE91EBB60300079CFE0 /* LoginView.swift in Sources */,
			);
			runOnlyForDeploymentPostprocessing = 0;
		};
/* End PBXSourcesBuildPhase section */

/* Begin PBXVariantGroup section */
		D81D60811E9D2C4F00151664 /* LaunchScreen.storyboard */ = {
			isa = PBXVariantGroup;
			children = (
				D81D60821E9D2C4F00151664 /* Base */,
			);
			name = LaunchScreen.storyboard;
			path = "Chat App";
			sourceTree = "<group>";
		};
/* End PBXVariantGroup section */

/* Begin XCBuildConfiguration section */
		D81D60851E9D2C4F00151664 /* Debug */ = {
			isa = XCBuildConfiguration;
			buildSettings = {
				ALWAYS_SEARCH_USER_PATHS = NO;
				CLANG_ANALYZER_NONNULL = YES;
				CLANG_ANALYZER_NUMBER_OBJECT_CONVERSION = YES_AGGRESSIVE;
				CLANG_CXX_LANGUAGE_STANDARD = "gnu++0x";
				CLANG_CXX_LIBRARY = "libc++";
				CLANG_ENABLE_MODULES = YES;
				CLANG_ENABLE_OBJC_ARC = YES;
				CLANG_WARN_BOOL_CONVERSION = YES;
				CLANG_WARN_CONSTANT_CONVERSION = YES;
				CLANG_WARN_DIRECT_OBJC_ISA_USAGE = YES_ERROR;
				CLANG_WARN_DOCUMENTATION_COMMENTS = YES;
				CLANG_WARN_EMPTY_BODY = YES;
				CLANG_WARN_ENUM_CONVERSION = YES;
				CLANG_WARN_INFINITE_RECURSION = YES;
				CLANG_WARN_INT_CONVERSION = YES;
				CLANG_WARN_OBJC_ROOT_CLASS = YES_ERROR;
				CLANG_WARN_SUSPICIOUS_MOVE = YES;
				CLANG_WARN_UNREACHABLE_CODE = YES;
				CLANG_WARN__DUPLICATE_METHOD_MATCH = YES;
				"CODE_SIGN_IDENTITY[sdk=iphoneos*]" = "iPhone Developer";
				COPY_PHASE_STRIP = NO;
				DEBUG_INFORMATION_FORMAT = dwarf;
				ENABLE_STRICT_OBJC_MSGSEND = YES;
				ENABLE_TESTABILITY = YES;
				GCC_C_LANGUAGE_STANDARD = gnu99;
				GCC_DYNAMIC_NO_PIC = NO;
				GCC_NO_COMMON_BLOCKS = YES;
				GCC_OPTIMIZATION_LEVEL = 0;
				GCC_PREPROCESSOR_DEFINITIONS = (
					"DEBUG=1",
					"$(inherited)",
				);
				GCC_WARN_64_TO_32_BIT_CONVERSION = YES;
				GCC_WARN_ABOUT_RETURN_TYPE = YES_ERROR;
				GCC_WARN_UNDECLARED_SELECTOR = YES;
				GCC_WARN_UNINITIALIZED_AUTOS = YES_AGGRESSIVE;
				GCC_WARN_UNUSED_FUNCTION = YES;
				GCC_WARN_UNUSED_VARIABLE = YES;
				IPHONEOS_DEPLOYMENT_TARGET = 10.3;
				MTL_ENABLE_DEBUG_INFO = YES;
				ONLY_ACTIVE_ARCH = YES;
				SDKROOT = iphoneos;
				SWIFT_ACTIVE_COMPILATION_CONDITIONS = DEBUG;
				SWIFT_OPTIMIZATION_LEVEL = "-Onone";
				TARGETED_DEVICE_FAMILY = "1,2";
			};
			name = Debug;
		};
		D81D60861E9D2C4F00151664 /* Release */ = {
			isa = XCBuildConfiguration;
			buildSettings = {
				ALWAYS_SEARCH_USER_PATHS = NO;
				CLANG_ANALYZER_NONNULL = YES;
				CLANG_ANALYZER_NUMBER_OBJECT_CONVERSION = YES_AGGRESSIVE;
				CLANG_CXX_LANGUAGE_STANDARD = "gnu++0x";
				CLANG_CXX_LIBRARY = "libc++";
				CLANG_ENABLE_MODULES = YES;
				CLANG_ENABLE_OBJC_ARC = YES;
				CLANG_WARN_BOOL_CONVERSION = YES;
				CLANG_WARN_CONSTANT_CONVERSION = YES;
				CLANG_WARN_DIRECT_OBJC_ISA_USAGE = YES_ERROR;
				CLANG_WARN_DOCUMENTATION_COMMENTS = YES;
				CLANG_WARN_EMPTY_BODY = YES;
				CLANG_WARN_ENUM_CONVERSION = YES;
				CLANG_WARN_INFINITE_RECURSION = YES;
				CLANG_WARN_INT_CONVERSION = YES;
				CLANG_WARN_OBJC_ROOT_CLASS = YES_ERROR;
				CLANG_WARN_SUSPICIOUS_MOVE = YES;
				CLANG_WARN_UNREACHABLE_CODE = YES;
				CLANG_WARN__DUPLICATE_METHOD_MATCH = YES;
				"CODE_SIGN_IDENTITY[sdk=iphoneos*]" = "iPhone Developer";
				COPY_PHASE_STRIP = NO;
				DEBUG_INFORMATION_FORMAT = "dwarf-with-dsym";
				ENABLE_NS_ASSERTIONS = NO;
				ENABLE_STRICT_OBJC_MSGSEND = YES;
				GCC_C_LANGUAGE_STANDARD = gnu99;
				GCC_NO_COMMON_BLOCKS = YES;
				GCC_WARN_64_TO_32_BIT_CONVERSION = YES;
				GCC_WARN_ABOUT_RETURN_TYPE = YES_ERROR;
				GCC_WARN_UNDECLARED_SELECTOR = YES;
				GCC_WARN_UNINITIALIZED_AUTOS = YES_AGGRESSIVE;
				GCC_WARN_UNUSED_FUNCTION = YES;
				GCC_WARN_UNUSED_VARIABLE = YES;
				IPHONEOS_DEPLOYMENT_TARGET = 10.3;
				MTL_ENABLE_DEBUG_INFO = NO;
				SDKROOT = iphoneos;
				SWIFT_OPTIMIZATION_LEVEL = "-Owholemodule";
				TARGETED_DEVICE_FAMILY = "1,2";
				VALIDATE_PRODUCT = YES;
			};
			name = Release;
		};
		D81D60881E9D2C4F00151664 /* Debug */ = {
			isa = XCBuildConfiguration;
			baseConfigurationReference = 7CD85436B6228B67655B8903 /* Pods-Chat App.debug.xcconfig */;
			buildSettings = {
				ASSETCATALOG_COMPILER_APPICON_NAME = AppIcon;
				CODE_SIGN_ENTITLEMENTS = "Chat App/Chat App.entitlements";
				DEVELOPMENT_TEAM = C23R6NMUVD;
				INFOPLIST_FILE = "Chat App/Info.plist";
				LD_RUNPATH_SEARCH_PATHS = "$(inherited) @executable_path/Frameworks";
				PRODUCT_BUNDLE_IDENTIFIER = "com.codejk.Chat-App";
				PRODUCT_NAME = "$(TARGET_NAME)";
				SWIFT_VERSION = 3.0;
			};
			name = Debug;
		};
		D81D60891E9D2C4F00151664 /* Release */ = {
			isa = XCBuildConfiguration;
			baseConfigurationReference = 814868DAE00DCC2EFCE84CF6 /* Pods-Chat App.release.xcconfig */;
			buildSettings = {
				ASSETCATALOG_COMPILER_APPICON_NAME = AppIcon;
				CODE_SIGN_ENTITLEMENTS = "Chat App/Chat App.entitlements";
				DEVELOPMENT_TEAM = C23R6NMUVD;
				INFOPLIST_FILE = "Chat App/Info.plist";
				LD_RUNPATH_SEARCH_PATHS = "$(inherited) @executable_path/Frameworks";
				PRODUCT_BUNDLE_IDENTIFIER = "com.codejk.Chat-App";
				PRODUCT_NAME = "$(TARGET_NAME)";
				SWIFT_VERSION = 3.0;
			};
			name = Release;
		};
/* End XCBuildConfiguration section */

/* Begin XCConfigurationList section */
		D81D60701E9D2C4E00151664 /* Build configuration list for PBXProject "Chat App" */ = {
			isa = XCConfigurationList;
			buildConfigurations = (
				D81D60851E9D2C4F00151664 /* Debug */,
				D81D60861E9D2C4F00151664 /* Release */,
			);
			defaultConfigurationIsVisible = 0;
			defaultConfigurationName = Release;
		};
		D81D60871E9D2C4F00151664 /* Build configuration list for PBXNativeTarget "Chat App" */ = {
			isa = XCConfigurationList;
			buildConfigurations = (
				D81D60881E9D2C4F00151664 /* Debug */,
				D81D60891E9D2C4F00151664 /* Release */,
			);
			defaultConfigurationIsVisible = 0;
			defaultConfigurationName = Release;
		};
/* End XCConfigurationList section */
	};
	rootObject = D81D606D1E9D2C4E00151664 /* Project object */;
}
